
Microsoft Visual Studio Solution File, Format Version 12.00
# Visual Studio Version 17
VisualStudioVersion = 17.11.35303.130
MinimumVisualStudioVersion = 10.0.40219.1
Project("{FAE04EC0-301F-11D3-BF4B-00C04F79EFBC}") = "Formulario c#", "Formulario c#\Formulario c#.csproj", "{5C813C30-C1B7-47CC-BDE8-C440EE85E8C5}"
EndProject
Global
	GlobalSection(SolutionConfigurationPlatforms) = preSolution
		Debug|Any CPU = Debug|Any CPU
		Release|Any CPU = Release|Any CPU
	EndGlobalSection
	GlobalSection(ProjectConfigurationPlatforms) = postSolution
		{5C813C30-C1B7-47CC-BDE8-C440EE85E8C5}.Debug|Any CPU.ActiveCfg = Debug|Any CPU
		{5C813C30-C1B7-47CC-BDE8-C440EE85E8C5}.Debug|Any CPU.Build.0 = Debug|Any CPU
		{5C813C30-C1B7-47CC-BDE8-C440EE85E8C5}.Release|Any CPU.ActiveCfg = Release|Any CPU
		{5C813C30-C1B7-47CC-BDE8-C440EE85E8C5}.Release|Any CPU.Build.0 = Release|Any CPU
	EndGlobalSection
	GlobalSection(SolutionProperties) = preSolution
		HideSolutionNode = FALSE
	EndGlobalSection
	GlobalSection(ExtensibilityGlobals) = postSolution
		SolutionGuid = {4D7D84E9-A94E-432B-95E7-06F676CEF081}
	EndGlobalSection
EndGlobal
